
Microsoft Visual Studio Solution File, Format Version 12.00
# Visual Studio Version 16
VisualStudioVersion = 16.0.30114.105
MinimumVisualStudioVersion = 10.0.40219.1
Project("{2150E333-8FDC-42A3-9474-1A3956D46DE8}") = "src", "src", "{F826B5AF-1507-42C5-8A8C-48BA200A1E29}"
EndProject
Project("{2150E333-8FDC-42A3-9474-1A3956D46DE8}") = "test", "test", "{0930B82D-1624-455C-9AB6-E31B3A5F2B7C}"
EndProject
Project("{2150E333-8FDC-42A3-9474-1A3956D46DE8}") = "domain", "domain", "{C8A6F94C-B7DB-4575-8DBE-5E9D4C586B54}"
EndProject
Project("{2150E333-8FDC-42A3-9474-1A3956D46DE8}") = "infrastructure", "infrastructure", "{227A58DD-6442-4619-97D5-3085946F101F}"
EndProject
Project("{9A19103F-16F7-4668-BE54-9A1E7A4F7556}") = "MarsRover.Domain.Objects", "src\domain\MarsRover.Domain.Objects\MarsRover.Domain.Objects.csproj", "{14732195-7299-45AC-B99E-BE3C606BBFA8}"
EndProject
Project("{9A19103F-16F7-4668-BE54-9A1E7A4F7556}") = "MarsRover.Domain.Service", "src\domain\MarsRover.Domain.Service\MarsRover.Domain.Service.csproj", "{2A71A2F4-12D7-4DBB-BBD3-465481A8F392}"
EndProject
Project("{9A19103F-16F7-4668-BE54-9A1E7A4F7556}") = "MarsRover.Domain.Service.Interfaces", "src\domain\MarsRover.Domain.Service.Interfaces\MarsRover.Domain.Service.Interfaces.csproj", "{648A9D16-4E80-4280-A2B8-D60F75F9D927}"
EndProject
Project("{9A19103F-16F7-4668-BE54-9A1E7A4F7556}") = "MarsRover.Console", "src\infrastructure\MarsRover.Console\MarsRover.Console.csproj", "{24750A5D-949F-4E55-9AAB-E12A89AD5AEF}"
EndProject
Project("{FAE04EC0-301F-11D3-BF4B-00C04F79EFBC}") = "MarsRover.Tests", "test\MarsRover.Tests\MarsRover.Tests.csproj", "{41D47339-38C1-404C-8FF9-9D77463DFA0E}"
EndProject
Global
	GlobalSection(SolutionConfigurationPlatforms) = preSolution
		Debug|Any CPU = Debug|Any CPU
		Release|Any CPU = Release|Any CPU
	EndGlobalSection
	GlobalSection(ProjectConfigurationPlatforms) = postSolution
		{14732195-7299-45AC-B99E-BE3C606BBFA8}.Debug|Any CPU.ActiveCfg = Debug|Any CPU
		{14732195-7299-45AC-B99E-BE3C606BBFA8}.Debug|Any CPU.Build.0 = Debug|Any CPU
		{14732195-7299-45AC-B99E-BE3C606BBFA8}.Release|Any CPU.ActiveCfg = Release|Any CPU
		{14732195-7299-45AC-B99E-BE3C606BBFA8}.Release|Any CPU.Build.0 = Release|Any CPU
		{2A71A2F4-12D7-4DBB-BBD3-465481A8F392}.Debug|Any CPU.ActiveCfg = Debug|Any CPU
		{2A71A2F4-12D7-4DBB-BBD3-465481A8F392}.Debug|Any CPU.Build.0 = Debug|Any CPU
		{2A71A2F4-12D7-4DBB-BBD3-465481A8F392}.Release|Any CPU.ActiveCfg = Release|Any CPU
		{2A71A2F4-12D7-4DBB-BBD3-465481A8F392}.Release|Any CPU.Build.0 = Release|Any CPU
		{648A9D16-4E80-4280-A2B8-D60F75F9D927}.Debug|Any CPU.ActiveCfg = Debug|Any CPU
		{648A9D16-4E80-4280-A2B8-D60F75F9D927}.Debug|Any CPU.Build.0 = Debug|Any CPU
		{648A9D16-4E80-4280-A2B8-D60F75F9D927}.Release|Any CPU.ActiveCfg = Release|Any CPU
		{648A9D16-4E80-4280-A2B8-D60F75F9D927}.Release|Any CPU.Build.0 = Release|Any CPU
		{24750A5D-949F-4E55-9AAB-E12A89AD5AEF}.Debug|Any CPU.ActiveCfg = Debug|Any CPU
		{24750A5D-949F-4E55-9AAB-E12A89AD5AEF}.Debug|Any CPU.Build.0 = Debug|Any CPU
		{24750A5D-949F-4E55-9AAB-E12A89AD5AEF}.Release|Any CPU.ActiveCfg = Release|Any CPU
		{24750A5D-949F-4E55-9AAB-E12A89AD5AEF}.Release|Any CPU.Build.0 = Release|Any CPU
		{41D47339-38C1-404C-8FF9-9D77463DFA0E}.Debug|Any CPU.ActiveCfg = Debug|Any CPU
		{41D47339-38C1-404C-8FF9-9D77463DFA0E}.Debug|Any CPU.Build.0 = Debug|Any CPU
		{41D47339-38C1-404C-8FF9-9D77463DFA0E}.Release|Any CPU.ActiveCfg = Release|Any CPU
		{41D47339-38C1-404C-8FF9-9D77463DFA0E}.Release|Any CPU.Build.0 = Release|Any CPU
	EndGlobalSection
	GlobalSection(SolutionProperties) = preSolution
		HideSolutionNode = FALSE
	EndGlobalSection
	GlobalSection(NestedProjects) = preSolution
		{C8A6F94C-B7DB-4575-8DBE-5E9D4C586B54} = {F826B5AF-1507-42C5-8A8C-48BA200A1E29}
		{227A58DD-6442-4619-97D5-3085946F101F} = {F826B5AF-1507-42C5-8A8C-48BA200A1E29}
		{14732195-7299-45AC-B99E-BE3C606BBFA8} = {C8A6F94C-B7DB-4575-8DBE-5E9D4C586B54}
		{2A71A2F4-12D7-4DBB-BBD3-465481A8F392} = {C8A6F94C-B7DB-4575-8DBE-5E9D4C586B54}
		{648A9D16-4E80-4280-A2B8-D60F75F9D927} = {C8A6F94C-B7DB-4575-8DBE-5E9D4C586B54}
		{24750A5D-949F-4E55-9AAB-E12A89AD5AEF} = {227A58DD-6442-4619-97D5-3085946F101F}
		{41D47339-38C1-404C-8FF9-9D77463DFA0E} = {0930B82D-1624-455C-9AB6-E31B3A5F2B7C}
	EndGlobalSection
	GlobalSection(ExtensibilityGlobals) = postSolution
		SolutionGuid = {EEBE2033-334C-44AE-95E5-28646CAED660}
	EndGlobalSection
EndGlobal
